
Microsoft Visual Studio Solution File, Format Version 12.00
# Visual Studio Version 17
VisualStudioVersion = 17.10.34916.146
MinimumVisualStudioVersion = 10.0.40219.1
Project("{FAE04EC0-301F-11D3-BF4B-00C04F79EFBC}") = "Day 2", "Day 2\Day 2.csproj", "{B8394FC2-DC10-4D76-A303-65C54E6DA969}"
EndProject
Global
	GlobalSection(SolutionConfigurationPlatforms) = preSolution
		Debug|Any CPU = Debug|Any CPU
		Release|Any CPU = Release|Any CPU
	EndGlobalSection
	GlobalSection(ProjectConfigurationPlatforms) = postSolution
		{B8394FC2-DC10-4D76-A303-65C54E6DA969}.Debug|Any CPU.ActiveCfg = Debug|Any CPU
		{B8394FC2-DC10-4D76-A303-65C54E6DA969}.Debug|Any CPU.Build.0 = Debug|Any CPU
		{B8394FC2-DC10-4D76-A303-65C54E6DA969}.Release|Any CPU.ActiveCfg = Release|Any CPU
		{B8394FC2-DC10-4D76-A303-65C54E6DA969}.Release|Any CPU.Build.0 = Release|Any CPU
	EndGlobalSection
	GlobalSection(SolutionProperties) = preSolution
		HideSolutionNode = FALSE
	EndGlobalSection
	GlobalSection(ExtensibilityGlobals) = postSolution
		SolutionGuid = {E06ED8EB-123F-4FDF-961D-AD2A09C2A357}
	EndGlobalSection
EndGlobal
